
Microsoft Visual Studio Solution File, Format Version 12.00
# Visual Studio Version 17
VisualStudioVersion = 17.11.35222.181
MinimumVisualStudioVersion = 10.0.40219.1
Project("{9A19103F-16F7-4668-BE54-9A1E7A4F7556}") = "Swd.Forecast.Repository", "Swd.Forecast.Repository\Swd.Forecast.Repository.csproj", "{D99757DE-6EE4-4F58-AFDF-75327E997F37}"
EndProject
Project("{9A19103F-16F7-4668-BE54-9A1E7A4F7556}") = "Swd.Forecast.Business", "Swd.Forecast.Business\Swd.Forecast.Business.csproj", "{F2CC9263-31F5-4838-988D-C95DBE5C3607}"
EndProject
Project("{9A19103F-16F7-4668-BE54-9A1E7A4F7556}") = "Swd.Forecast.Model", "Swd.Forecast.Model\Swd.Forecast.Model.csproj", "{95442589-4E6E-4637-9F14-18F3C82A2A0B}"
EndProject
Project("{9A19103F-16F7-4668-BE54-9A1E7A4F7556}") = "Swd.Forecast.Helper", "Swd.Forecast.Helper\Swd.Forecast.Helper.csproj", "{F84A8DDC-63B6-4D54-BD73-83D8488D9C0C}"
EndProject
Project("{9A19103F-16F7-4668-BE54-9A1E7A4F7556}") = "Swd.Forecast.Gui.Admin", "Swd.Forecast.Gui.Admin\Swd.Forecast.Gui.Admin.csproj", "{B24322DF-5B48-4D07-90CD-51E56F32302E}"
EndProject
Project("{9A19103F-16F7-4668-BE54-9A1E7A4F7556}") = "Swd.Forecast.Gui.Messenger", "Swd.Forecast.Gui.Messenger\Swd.Forecast.Gui.Messenger.csproj", "{927C7B2F-D509-48DE-8281-D85B39E18233}"
EndProject
Project("{9A19103F-16F7-4668-BE54-9A1E7A4F7556}") = "Swd.Forecast.Gui.Retriever", "Swd.Forecast.Gui.Retriever\Swd.Forecast.Gui.Retriever.csproj", "{B35A051C-6F53-44A5-A322-D2D97378D36F}"
EndProject
Project("{FAE04EC0-301F-11D3-BF4B-00C04F79EFBC}") = "Swd.Forecast.Unittest", "Swd.Forecast.Unittest\Swd.Forecast.Unittest.csproj", "{8261DC47-FEC5-4480-B369-F5CC4728C50F}"
EndProject
Global
	GlobalSection(SolutionConfigurationPlatforms) = preSolution
		Debug|Any CPU = Debug|Any CPU
		Release|Any CPU = Release|Any CPU
	EndGlobalSection
	GlobalSection(ProjectConfigurationPlatforms) = postSolution
		{D99757DE-6EE4-4F58-AFDF-75327E997F37}.Debug|Any CPU.ActiveCfg = Debug|Any CPU
		{D99757DE-6EE4-4F58-AFDF-75327E997F37}.Debug|Any CPU.Build.0 = Debug|Any CPU
		{D99757DE-6EE4-4F58-AFDF-75327E997F37}.Release|Any CPU.ActiveCfg = Release|Any CPU
		{D99757DE-6EE4-4F58-AFDF-75327E997F37}.Release|Any CPU.Build.0 = Release|Any CPU
		{F2CC9263-31F5-4838-988D-C95DBE5C3607}.Debug|Any CPU.ActiveCfg = Debug|Any CPU
		{F2CC9263-31F5-4838-988D-C95DBE5C3607}.Debug|Any CPU.Build.0 = Debug|Any CPU
		{F2CC9263-31F5-4838-988D-C95DBE5C3607}.Release|Any CPU.ActiveCfg = Release|Any CPU
		{F2CC9263-31F5-4838-988D-C95DBE5C3607}.Release|Any CPU.Build.0 = Release|Any CPU
		{95442589-4E6E-4637-9F14-18F3C82A2A0B}.Debug|Any CPU.ActiveCfg = Debug|Any CPU
		{95442589-4E6E-4637-9F14-18F3C82A2A0B}.Debug|Any CPU.Build.0 = Debug|Any CPU
		{95442589-4E6E-4637-9F14-18F3C82A2A0B}.Release|Any CPU.ActiveCfg = Release|Any CPU
		{95442589-4E6E-4637-9F14-18F3C82A2A0B}.Release|Any CPU.Build.0 = Release|Any CPU
		{F84A8DDC-63B6-4D54-BD73-83D8488D9C0C}.Debug|Any CPU.ActiveCfg = Debug|Any CPU
		{F84A8DDC-63B6-4D54-BD73-83D8488D9C0C}.Debug|Any CPU.Build.0 = Debug|Any CPU
		{F84A8DDC-63B6-4D54-BD73-83D8488D9C0C}.Release|Any CPU.ActiveCfg = Release|Any CPU
		{F84A8DDC-63B6-4D54-BD73-83D8488D9C0C}.Release|Any CPU.Build.0 = Release|Any CPU
		{B24322DF-5B48-4D07-90CD-51E56F32302E}.Debug|Any CPU.ActiveCfg = Debug|Any CPU
		{B24322DF-5B48-4D07-90CD-51E56F32302E}.Debug|Any CPU.Build.0 = Debug|Any CPU
		{B24322DF-5B48-4D07-90CD-51E56F32302E}.Release|Any CPU.ActiveCfg = Release|Any CPU
		{B24322DF-5B48-4D07-90CD-51E56F32302E}.Release|Any CPU.Build.0 = Release|Any CPU
		{927C7B2F-D509-48DE-8281-D85B39E18233}.Debug|Any CPU.ActiveCfg = Debug|Any CPU
		{927C7B2F-D509-48DE-8281-D85B39E18233}.Debug|Any CPU.Build.0 = Debug|Any CPU
		{927C7B2F-D509-48DE-8281-D85B39E18233}.Release|Any CPU.ActiveCfg = Release|Any CPU
		{927C7B2F-D509-48DE-8281-D85B39E18233}.Release|Any CPU.Build.0 = Release|Any CPU
		{B35A051C-6F53-44A5-A322-D2D97378D36F}.Debug|Any CPU.ActiveCfg = Debug|Any CPU
		{B35A051C-6F53-44A5-A322-D2D97378D36F}.Debug|Any CPU.Build.0 = Debug|Any CPU
		{B35A051C-6F53-44A5-A322-D2D97378D36F}.Release|Any CPU.ActiveCfg = Release|Any CPU
		{B35A051C-6F53-44A5-A322-D2D97378D36F}.Release|Any CPU.Build.0 = Release|Any CPU
		{8261DC47-FEC5-4480-B369-F5CC4728C50F}.Debug|Any CPU.ActiveCfg = Debug|Any CPU
		{8261DC47-FEC5-4480-B369-F5CC4728C50F}.Debug|Any CPU.Build.0 = Debug|Any CPU
		{8261DC47-FEC5-4480-B369-F5CC4728C50F}.Release|Any CPU.ActiveCfg = Release|Any CPU
		{8261DC47-FEC5-4480-B369-F5CC4728C50F}.Release|Any CPU.Build.0 = Release|Any CPU
	EndGlobalSection
	GlobalSection(SolutionProperties) = preSolution
		HideSolutionNode = FALSE
	EndGlobalSection
	GlobalSection(ExtensibilityGlobals) = postSolution
		SolutionGuid = {68696D19-159D-41E9-9E90-F2ACF320D94C}
	EndGlobalSection
EndGlobal
